
Microsoft Visual Studio Solution File, Format Version 12.00
# Visual Studio Version 17
VisualStudioVersion = 17.6.33815.320
MinimumVisualStudioVersion = 10.0.40219.1
Project("{FAE04EC0-301F-11D3-BF4B-00C04F79EFBC}") = "Lab_0704_WriteXML", "Lab_0704_WriteXML\Lab_0704_WriteXML.csproj", "{36CD590A-CCBD-43F7-87CB-EF879F08D310}"
EndProject
Global
	GlobalSection(SolutionConfigurationPlatforms) = preSolution
		Debug|Any CPU = Debug|Any CPU
		Release|Any CPU = Release|Any CPU
	EndGlobalSection
	GlobalSection(ProjectConfigurationPlatforms) = postSolution
		{36CD590A-CCBD-43F7-87CB-EF879F08D310}.Debug|Any CPU.ActiveCfg = Debug|Any CPU
		{36CD590A-CCBD-43F7-87CB-EF879F08D310}.Debug|Any CPU.Build.0 = Debug|Any CPU
		{36CD590A-CCBD-43F7-87CB-EF879F08D310}.Release|Any CPU.ActiveCfg = Release|Any CPU
		{36CD590A-CCBD-43F7-87CB-EF879F08D310}.Release|Any CPU.Build.0 = Release|Any CPU
	EndGlobalSection
	GlobalSection(SolutionProperties) = preSolution
		HideSolutionNode = FALSE
	EndGlobalSection
	GlobalSection(ExtensibilityGlobals) = postSolution
		SolutionGuid = {916CE672-6E78-4275-A747-2EBB734D1B0A}
	EndGlobalSection
EndGlobal
